{
  "name": "jest-testrail",
  "version": "1.1.2",
  "lockfileVersion": 1,
  "requires": true,
  "dependencies": {
    "craydent": {
      "version": "0.9.0",
      "resolved": "https://registry.npmjs.org/craydent/-/craydent-0.9.0.tgz",
      "integrity": "sha512-Jbu79PJOPo27BCTJojVYbEE4UqdP4+jZ9z/urFN+IppycxP++IN6qRI2rxEtQLUzjkBphawRe688cZYFXqVmww==",
      "requires": {
        "craydent-array": "0.9.0",
        "craydent-class": "0.9.0",
        "craydent-cli": "0.9.0",
        "craydent-control-flow": "0.9.0",
        "craydent-date": "0.9.0",
        "craydent-fs": "0.9.0",
        "craydent-function": "0.9.0",
        "craydent-http": "0.9.0",
        "craydent-json-parser": "0.9.0",
        "craydent-number": "0.9.0",
        "craydent-object": "0.9.0",
        "craydent-regexp": "0.9.0",
        "craydent-string": "0.9.0",
        "craydent-template": "0.9.0",
        "craydent-typeof": "0.9.0",
        "craydent-utility": "0.9.0",
        "craydent-xml-to-json": "0.9.0"
      }
    },
    "craydent-array": {
      "version": "0.9.0",
      "resolved": "https://registry.npmjs.org/craydent-array/-/craydent-array-0.9.0.tgz",
      "integrity": "sha512-itR11CyjCjcY84vjKoA3wnUJ+3FdXFS/2Qu5BR0AKkqvFBY8Kt/p4A55GylPZt8/kiP3m1s1HLzvGjPwa35JFA==",
      "requires": {
        "craydent-typeof": "0.9.0"
      }
    },
    "craydent-class": {
      "version": "0.9.0",
      "resolved": "https://registry.npmjs.org/craydent-class/-/craydent-class-0.9.0.tgz",
      "integrity": "sha512-ZXTAGeac98FWNDiu+j5y7MAKiJkb7gZjUKkTBKGII4H8uLK3J3Z5rDnAhrbZPdmd64PZlgBZlrtgeMBATAIAYw==",
      "requires": {
        "craydent-typeof": "0.9.0"
      }
    },
    "craydent-cli": {
      "version": "0.9.0",
      "resolved": "https://registry.npmjs.org/craydent-cli/-/craydent-cli-0.9.0.tgz",
      "integrity": "sha512-wePvse5ei9x9bWMklo9zwUw20UW6L/gKtX2thGscUF5LBADFH5ZYwz+YnXsM65nuoPbJk42UEg7aK3SV2WBdtA==",
      "requires": {
        "craydent-typeof": "0.9.0"
      }
    },
    "craydent-control-flow": {
      "version": "0.9.0",
      "resolved": "https://registry.npmjs.org/craydent-control-flow/-/craydent-control-flow-0.9.0.tgz",
      "integrity": "sha512-K+YhapW54DgwixRgjmJ84K/xnQOJ8GCGIKVI8qWBMcGx7DyHwXveQzkDEtpxzDpzI2zwsKynIqwU5V9WoiF2SQ==",
      "requires": {
        "craydent-typeof": "0.9.0"
      }
    },
    "craydent-date": {
      "version": "0.9.0",
      "resolved": "https://registry.npmjs.org/craydent-date/-/craydent-date-0.9.0.tgz",
      "integrity": "sha512-Ix02knkktcDMKGAvfN5zNjF6u622rRIVpRTNFM1vBMm6ySOuo2Tt02vzQCRdlBEfkMSacqZEXY+SwBAjQX95wA==",
      "requires": {
        "craydent-typeof": "0.9.0"
      }
    },
    "craydent-fs": {
      "version": "0.9.0",
      "resolved": "https://registry.npmjs.org/craydent-fs/-/craydent-fs-0.9.0.tgz",
      "integrity": "sha512-nB20uD+G2o+TXdZSH36344UUwZiuw/Z3Ma6juYvPMr59B9rYIlcmV3jvIHNDfKikgR/ReYY2ZEJOxVgHUNCIEA==",
      "requires": {
        "craydent-typeof": "0.9.0"
      }
    },
    "craydent-function": {
      "version": "0.9.0",
      "resolved": "https://registry.npmjs.org/craydent-function/-/craydent-function-0.9.0.tgz",
      "integrity": "sha512-e88AjHB+nr9xvNwvV9ihiQKOccv+pMq3+HAuXC7GaJhPVtZfJ7FZcWLDMBHloam/+hX0hXmD89SCLLPqcs4/vA==",
      "requires": {
        "craydent-typeof": "0.9.0"
      }
    },
    "craydent-http": {
      "version": "0.9.0",
      "resolved": "https://registry.npmjs.org/craydent-http/-/craydent-http-0.9.0.tgz",
      "integrity": "sha512-u+yFPnOkaS5bjiCY7LzZ6SA/Q+6jPdzS95mUYgotnjpFjLRPMUpehZe6FG8LbiU0biMc1YhrcA0eM6tAphqXdA==",
      "requires": {
        "craydent-typeof": "0.9.0"
      }
    },
    "craydent-json-parser": {
      "version": "0.9.0",
      "resolved": "https://registry.npmjs.org/craydent-json-parser/-/craydent-json-parser-0.9.0.tgz",
      "integrity": "sha512-uYRRe5HIJ4ptPKrbTZ4g/9gc7+AbLcc6zCyzIMBcBe4QIj7tg2t+3Sw9Huej0s73ugkFG5Bh7wcesmVRMWwYag==",
      "requires": {
        "craydent-typeof": "0.9.0"
      }
    },
    "craydent-number": {
      "version": "0.9.0",
      "resolved": "https://registry.npmjs.org/craydent-number/-/craydent-number-0.9.0.tgz",
      "integrity": "sha512-qCcZXFXhwI4o1F/bjVTPU0fTmIiBUFbP6MpwxTrL7e2CE0yGuJ8N4cLhbbITYiVzyf7PUUn/6+YbmWK251GsuA==",
      "requires": {
        "craydent-typeof": "0.9.0"
      }
    },
    "craydent-object": {
      "version": "0.9.0",
      "resolved": "https://registry.npmjs.org/craydent-object/-/craydent-object-0.9.0.tgz",
      "integrity": "sha512-vaiQnA5UJdE6u6/17ctuNP0UF8ccZl9yxxSEnLtFEwVtE33LwcSWw97gyfRoD3jJTqBy3/yOd1JIpVdeG1XqKQ==",
      "requires": {
        "craydent-typeof": "0.9.0"
      }
    },
    "craydent-regexp": {
      "version": "0.9.0",
      "resolved": "https://registry.npmjs.org/craydent-regexp/-/craydent-regexp-0.9.0.tgz",
      "integrity": "sha512-dTqdpfcWbQ37REYPGPufLpVAl6zd/pKZ5T6k5Axtjvr7D1zNl3hx9ENpuXIR0RmYup+r9ghYFl7cxEiiS16BwQ==",
      "requires": {
        "craydent-typeof": "0.9.0"
      }
    },
    "craydent-string": {
      "version": "0.9.0",
      "resolved": "https://registry.npmjs.org/craydent-string/-/craydent-string-0.9.0.tgz",
      "integrity": "sha512-zZ19BDDoMOIJ0dDqeH6kAOgBQ63FmNEfJSCB73HFiwwlQMN8SSj2uHn6pNpCN1V+2pJj7ljLhGk/U6ETZVDwzg==",
      "requires": {
        "craydent-typeof": "0.9.0"
      }
    },
    "craydent-template": {
      "version": "0.9.0",
      "resolved": "https://registry.npmjs.org/craydent-template/-/craydent-template-0.9.0.tgz",
      "integrity": "sha512-mTFVQ8Sy+v+feVxX7nWW45GKef2GRNaVgI0pDJqXIPQ+P3gXM7Hq6u7HPPMqcEmbyc+j3TiUVbrt7MC/F+kwBA==",
      "requires": {
        "craydent-typeof": "0.9.0"
      }
    },
    "craydent-typeof": {
      "version": "0.9.0",
      "resolved": "https://registry.npmjs.org/craydent-typeof/-/craydent-typeof-0.9.0.tgz",
      "integrity": "sha512-3rfDEDoOhwr1dK/wpKEk2DcLAGd1eFvbyO7qvu3NtSkG7Z0/uJkD05yHVWmYIGI5aeyzO6fOB/k6htGgafJkNA=="
    },
    "craydent-utility": {
      "version": "0.9.0",
      "resolved": "https://registry.npmjs.org/craydent-utility/-/craydent-utility-0.9.0.tgz",
      "integrity": "sha512-U0IdrfpwHlKr924zxYX8n2JPvz2fZlYD6FEqmAeWO9EXIa8F8qaSqqVibrjYT4vuwG2vVc01zKWumo1mxH5Jlw==",
      "requires": {
        "craydent-typeof": "0.9.0"
      }
    },
    "craydent-xml-to-json": {
      "version": "0.9.0",
      "resolved": "https://registry.npmjs.org/craydent-xml-to-json/-/craydent-xml-to-json-0.9.0.tgz",
      "integrity": "sha512-AYUNap7efWIxCCJLDTudBDIMxFxzClgClbGyZP30a5giJFPimNLeGrDUO2hvxmz4nt4R23KOf5N9494qC+Qcsw==",
      "requires": {
        "craydent-typeof": "0.9.0"
      }
    },
    "package-auto-version": {
      "version": "1.2.4",
      "resolved": "https://registry.npmjs.org/package-auto-version/-/package-auto-version-1.2.4.tgz",
      "integrity": "sha512-N/KgVpN2/xbSxlncIgmz0x4IBYErg5Hk2EuOdJNU1HPGLJMJhnMyUAMtCz69SskHjU3eKEF4mchu/ZskCxikxg==",
      "dev": true,
      "requires": {
        "craydent": "0.9.0"
      }
    }
  }
}
