{
  "name": "jest-testrail",
  "version": "0.0.1-0",
  "lockfileVersion": 1,
  "requires": true,
  "dependencies": {
    "craydent": {
      "version": "0.8.9",
      "resolved": "https://registry.npmjs.org/craydent/-/craydent-0.8.9.tgz",
      "integrity": "sha512-b5qFFqiKbyucZFvUtsQypN8ku9E4Sl1ewej5QsGXf0750nmYP35C4EJwaw6YMGJvdWNxhjlBpUR3h5d06sQKdA==",
      "requires": {
        "craydent-array": "0.8.9",
        "craydent-class": "0.8.9",
        "craydent-cli": "0.8.9",
        "craydent-control-flow": "0.8.9",
        "craydent-date": "0.8.9",
        "craydent-fs": "0.8.9",
        "craydent-function": "0.8.9",
        "craydent-http": "0.8.9",
        "craydent-json-parser": "0.8.9",
        "craydent-number": "0.8.9",
        "craydent-object": "0.8.9",
        "craydent-regexp": "0.8.9",
        "craydent-string": "0.8.9",
        "craydent-template": "0.8.9",
        "craydent-typeof": "0.8.9",
        "craydent-utility": "0.8.9",
        "craydent-xml-to-json": "0.8.9"
      }
    },
    "craydent-array": {
      "version": "0.8.9",
      "resolved": "https://registry.npmjs.org/craydent-array/-/craydent-array-0.8.9.tgz",
      "integrity": "sha512-oay4nYZf2/1EWwUHY0ZAya//hE+9YBO/IORq3IBXYXwO9xv0Nn4QbKq4ctszctpiiP0bfnVR2fzTvd3vBSULFA==",
      "requires": {
        "craydent-typeof": "0.8.9"
      }
    },
    "craydent-class": {
      "version": "0.8.9",
      "resolved": "https://registry.npmjs.org/craydent-class/-/craydent-class-0.8.9.tgz",
      "integrity": "sha512-2jTayMx8MPVcACBVKJjI4fLs6nspeSFq0bzziyAEDk/O+Wqqo7gIEoCKYXwYDAX1hXtsT21UZO5b3cdRqHZxVg==",
      "requires": {
        "craydent-typeof": "0.8.9"
      }
    },
    "craydent-cli": {
      "version": "0.8.9",
      "resolved": "https://registry.npmjs.org/craydent-cli/-/craydent-cli-0.8.9.tgz",
      "integrity": "sha512-P+ACNmTbGpEnz1B2Kej07kVUj5y2X3M2g01clTBWQXXbVOiFEuMeG2uKN2GCwIMIwUp60ipEGNeEywTOZzWXCA==",
      "requires": {
        "craydent-typeof": "0.8.9"
      }
    },
    "craydent-control-flow": {
      "version": "0.8.9",
      "resolved": "https://registry.npmjs.org/craydent-control-flow/-/craydent-control-flow-0.8.9.tgz",
      "integrity": "sha512-fe0inLSPuk3SgbkMAv1KdXmUOJCKAsDMjC7vWedbF34RXP9+Mb5k4tnL0viDTZb8I5RooNmnBvNTfkju0CEIeQ==",
      "requires": {
        "craydent-typeof": "0.8.9"
      }
    },
    "craydent-date": {
      "version": "0.8.9",
      "resolved": "https://registry.npmjs.org/craydent-date/-/craydent-date-0.8.9.tgz",
      "integrity": "sha512-ztiJ7O0xzvyaCRajFYfyTePbrraoQltE14eKxm7wXVOxBBBTxbRF5tHDTkRxNTi6WU4Qh9ManqoYtRV6iRNyiw==",
      "requires": {
        "craydent-typeof": "0.8.9"
      }
    },
    "craydent-fs": {
      "version": "0.8.9",
      "resolved": "https://registry.npmjs.org/craydent-fs/-/craydent-fs-0.8.9.tgz",
      "integrity": "sha512-Mng1KoTf2UnxlO6YHEcJzcx3dXmpBET3QkjblDL47fHhsHwBdV2dnNfNQ3wHmVyUpExAb1p8gXujwona9mshew==",
      "requires": {
        "craydent-typeof": "0.8.9"
      }
    },
    "craydent-function": {
      "version": "0.8.9",
      "resolved": "https://registry.npmjs.org/craydent-function/-/craydent-function-0.8.9.tgz",
      "integrity": "sha512-vRH7u/xGkSeSyK9rHvVbbxgBW+bbIKOX5w6i4CRCK49r4Kza+dImQXul3ou7uzEjGY9NDleX+ULxLXJUXcgXxQ==",
      "requires": {
        "craydent-typeof": "0.8.9"
      }
    },
    "craydent-http": {
      "version": "0.8.9",
      "resolved": "https://registry.npmjs.org/craydent-http/-/craydent-http-0.8.9.tgz",
      "integrity": "sha512-SwPDCrIoqs6zyGtaiy8pXHqGUiKg838Uf2v9YA9leCS41b/c2/7qIrZZiquC9YGsviuhrndBLKuVjLcJeP5A/w==",
      "requires": {
        "craydent-typeof": "0.8.9"
      }
    },
    "craydent-json-parser": {
      "version": "0.8.9",
      "resolved": "https://registry.npmjs.org/craydent-json-parser/-/craydent-json-parser-0.8.9.tgz",
      "integrity": "sha512-f2tSnKP1voqc8odAXijEj1gJ+P8b7wqkZOv5wwTB7NUQO6EzXFYwDMQM6ojmNa1N7lY5iaespknygV+DiQd3qw==",
      "requires": {
        "craydent-typeof": "0.8.9"
      }
    },
    "craydent-number": {
      "version": "0.8.9",
      "resolved": "https://registry.npmjs.org/craydent-number/-/craydent-number-0.8.9.tgz",
      "integrity": "sha512-b9O3xb7zaeZFb4zqX5D18DAaRvRVYS+mpFudgOw00rKAt2gghv87a7DqGaUDVrU4cPDiT6BIv+tMmvH8z0oayQ==",
      "requires": {
        "craydent-typeof": "0.8.9"
      }
    },
    "craydent-object": {
      "version": "0.8.9",
      "resolved": "https://registry.npmjs.org/craydent-object/-/craydent-object-0.8.9.tgz",
      "integrity": "sha512-+jbtI2MxqCL5Rta7ZONs4xQuIE33xOGPJ2qSq3OvVPy9uAowdVmfzPHH73jCdv5p0/of1x3kvoUDGoJCevt/zg==",
      "requires": {
        "craydent-typeof": "0.8.9"
      }
    },
    "craydent-regexp": {
      "version": "0.8.9",
      "resolved": "https://registry.npmjs.org/craydent-regexp/-/craydent-regexp-0.8.9.tgz",
      "integrity": "sha512-AiHbIvRnUeEZ1/RwSJ1y50HauCMRKfcW7PTKuZ0Qx+0L0XU3uz+auzN9R3Iz8lXuQFsGblkTpkG2fBcZbJyMpQ==",
      "requires": {
        "craydent-typeof": "0.8.9"
      }
    },
    "craydent-string": {
      "version": "0.8.9",
      "resolved": "https://registry.npmjs.org/craydent-string/-/craydent-string-0.8.9.tgz",
      "integrity": "sha512-kn3ai/hVw82DOAamrG6fibI3a3S6p/C6qj2fFYEVDSb0jovyG4fvmivRkXraFM5+8xxmMQyES50OW7CLJkuVew==",
      "requires": {
        "craydent-typeof": "0.8.9"
      }
    },
    "craydent-template": {
      "version": "0.8.9",
      "resolved": "https://registry.npmjs.org/craydent-template/-/craydent-template-0.8.9.tgz",
      "integrity": "sha512-/LfrK18OuzSM2UMyeQh7LEzXpruMNEj2Bd79WfSuldccvjPPFnPv6Pi9fm0v5EpEosS9lC9Z6ln5yXHh1ggt2A==",
      "requires": {
        "craydent-typeof": "0.8.9"
      }
    },
    "craydent-typeof": {
      "version": "0.8.9",
      "resolved": "https://registry.npmjs.org/craydent-typeof/-/craydent-typeof-0.8.9.tgz",
      "integrity": "sha512-p39VMT9u/E7Up1+BoKw8MSQS5HA3ys/3hHdD/ztiYcTQtoA0SowbFfERSJguDOoDVsypkWBaxa21XLXH4RC1ow=="
    },
    "craydent-utility": {
      "version": "0.8.9",
      "resolved": "https://registry.npmjs.org/craydent-utility/-/craydent-utility-0.8.9.tgz",
      "integrity": "sha512-r/wX6he5gXQWS+EP9KOgeGEIRz3uhlalM2AwwD/BnXu6tokQzgZIX7vWlkEM/+nXMIfimrxm2kC2ILVdmY2gUg==",
      "requires": {
        "craydent-typeof": "0.8.9"
      }
    },
    "craydent-xml-to-json": {
      "version": "0.8.9",
      "resolved": "https://registry.npmjs.org/craydent-xml-to-json/-/craydent-xml-to-json-0.8.9.tgz",
      "integrity": "sha512-sDow8KUvjAxOm0CsY5VCJiXTSGWdyrX7XCFILEyUKJDE/26XJGFNz3NYzizDbJjg3j2/lCXm3tM3OXOvvERaRQ==",
      "requires": {
        "craydent-typeof": "0.8.9"
      }
    }
  }
}
